
Microsoft Visual Studio Solution File, Format Version 12.00
# Visual Studio Version 17
VisualStudioVersion = 17.0.32112.339
MinimumVisualStudioVersion = 10.0.40219.1
Project("{FAE04EC0-301F-11D3-BF4B-00C04F79EFBC}") = "WebApp", "WebApp\WebApp.csproj", "{B572A21F-07B4-4B6C-BEA2-519482BD129E}"
EndProject
Global
	GlobalSection(SolutionConfigurationPlatforms) = preSolution
		Debug|Any CPU = Debug|Any CPU
		Release|Any CPU = Release|Any CPU
	EndGlobalSection
	GlobalSection(ProjectConfigurationPlatforms) = postSolution
		{B572A21F-07B4-4B6C-BEA2-519482BD129E}.Debug|Any CPU.ActiveCfg = Debug|Any CPU
		{B572A21F-07B4-4B6C-BEA2-519482BD129E}.Debug|Any CPU.Build.0 = Debug|Any CPU
		{B572A21F-07B4-4B6C-BEA2-519482BD129E}.Release|Any CPU.ActiveCfg = Release|Any CPU
		{B572A21F-07B4-4B6C-BEA2-519482BD129E}.Release|Any CPU.Build.0 = Release|Any CPU
	EndGlobalSection
	GlobalSection(SolutionProperties) = preSolution
		HideSolutionNode = FALSE
	EndGlobalSection
	GlobalSection(ExtensibilityGlobals) = postSolution
		SolutionGuid = {7C14844E-BF30-4809-AFB8-B9CF862D347D}
	EndGlobalSection
EndGlobal
